Microsoft Visual Studio Solution File, Format Version 12.00
# Visual Studio 15
VisualStudioVersion = 15.0.26430.6
MinimumVisualStudioVersion = 10.0.40219.1
Project("{8BC9CEB8-8B4A-11D0-8D11-00A0C91BC942}") = "pceth2", "pceth2.vcxproj", "{10D30A02-094E-4DB8-90F1-9AC02489BF21}"
EndProject
Project("{8BC9CEB8-8B4A-11D0-8D11-00A0C91BC942}") = "pcekn", "pcekn.vcproj", "{3360FD1F-78A7-4D3C-8757-0A05FEF24677}"
EndProject
Global
	GlobalSection(SolutionConfigurationPlatforms) = preSolution
		Debug|x86 = Debug|x86
		Release|x86 = Release|x86
	EndGlobalSection
	GlobalSection(ProjectConfigurationPlatforms) = postSolution
		{10D30A02-094E-4DB8-90F1-9AC02489BF21}.Debug|x86.ActiveCfg = Debug|Win32
		{10D30A02-094E-4DB8-90F1-9AC02489BF21}.Debug|x86.Build.0 = Debug|Win32
		{10D30A02-094E-4DB8-90F1-9AC02489BF21}.Release|x86.ActiveCfg = Release|Win32
		{10D30A02-094E-4DB8-90F1-9AC02489BF21}.Release|x86.Build.0 = Release|Win32
		{3360FD1F-78A7-4D3C-8757-0A05FEF24677}.Debug|x86.ActiveCfg = Debug|Win32
		{3360FD1F-78A7-4D3C-8757-0A05FEF24677}.Release|x86.ActiveCfg = Release|Win32
	EndGlobalSection
	GlobalSection(SolutionProperties) = preSolution
		HideSolutionNode = FALSE
	EndGlobalSection
EndGlobal
