<?xml version="1.0" encoding="utf-8"?>
<Project ToolsVersion="4.0" xmlns="http://schemas.microsoft.com/developer/msbuild/2003">
  <ItemGroup>
    <Filter Include="Source Files">
      <UniqueIdentifier>{66c27857-60b2-4eb2-b2fe-3f3faa39bc56}</UniqueIdentifier>
      <Extensions>cpp;c;cxx;rc;def;r;odl;idl;hpj;bat</Extensions>
    </Filter>
    <Filter Include="Header Files">
      <UniqueIdentifier>{b8649495-7530-48b6-91a7-fe939de8410b}</UniqueIdentifier>
      <Extensions>h;hpp;hxx;hm;inl</Extensions>
    </Filter>
    <Filter Include="Resource Files">
      <UniqueIdentifier>{447b673e-8fc9-4762-a6d0-f6a40ab9384c}</UniqueIdentifier>
      <Extensions>ico;cur;bmp;dlg;rc2;rct;bin;rgs;gif;jpg;jpeg;jpe</Extensions>
    </Filter>
  </ItemGroup>
  <ItemGroup>
    <ClCompile Include="main.c">
      <Filter>Source Files</Filter>
    </ClCompile>
  </ItemGroup>
  <ItemGroup>
    <ResourceCompile Include="ufesvrw.rc">
      <Filter>Source Files</Filter>
    </ResourceCompile>
  </ItemGroup>
  <ItemGroup>
    <ClInclude Include="resource.h">
      <Filter>Header Files</Filter>
    </ClInclude>
  </ItemGroup>
  <ItemGroup>
    <Image Include="active.bmp">
      <Filter>Resource Files</Filter>
    </Image>
    <Image Include="apperr.bmp">
      <Filter>Resource Files</Filter>
    </Image>
    <Image Include="main.ico">
      <Filter>Resource Files</Filter>
    </Image>
    <Image Include="paused.bmp">
      <Filter>Resource Files</Filter>
    </Image>
    <Image Include="usberr.bmp">
      <Filter>Resource Files</Filter>
    </Image>
  </ItemGroup>
</Project>